{
  "contracts/lib/chainlink-evm": {
    "rev": "c31017a32737920234a1786ab54c3641bf975adf"
  },
  "contracts/lib/doppler": {
    "rev": "dd0e4dfd2cc3819b159308ad2d6eda4d63b5e64a"
  },
  "contracts/lib/forge-std": {
    "rev": "4540e4aadda88eeb19a54d2b5ad2117c2c7632ec"
  },
  "contracts/lib/openzeppelin-contracts": {
    "rev": "9cfdccd35350f7bcc585cf2ede08cd04e7f0ec10"
  },
  "contracts/lib/prb-math": {
    "rev": "82e5ed5561d0a1c43a3a59edbf4291c8de26479e"
  },
  "contracts/lib/solady": {
    "rev": "90db92ce173856605d24a554969f2c67cadbc7e9"
  },
  "contracts/lib/universal-router": {
    "rev": "fd75e3eca49d039fe2082bbd0c01aee93ed777a1"
  },
  "contracts/lib/v4-core": {
    "rev": "d153b048868a60c2403a3ef5b2301bb247884d46"
  },
  "contracts/lib/v4-periphery": {
    "rev": "686f621d9b675fc78bf02781f59ec1ad36921706"
  }
}